// !$*UTF8*$!
{
	archiveVersion = 1;
	classes = {
	};
	objectVersion = 46;
	objects = {

/* Begin PBXBuildFile section */
		7905C0DD1EBBB79F002F2674 /* main.swift in Sources */ = {isa = PBXBuildFile; fileRef = 7905C0DC1EBBB79F002F2674 /* main.swift */; };
		7905C0E41EBBB817002F2674 /* callback.swift in Sources */ = {isa = PBXBuildFile; fileRef = 7905C0E31EBBB817002F2674 /* callback.swift */; };
		7905C0E61EBBBAF4002F2674 /* menu.swift in Sources */ = {isa = PBXBuildFile; fileRef = 7905C0E51EBBBAF4002F2674 /* menu.swift */; };
/* End PBXBuildFile section */

/* Begin PBXCopyFilesBuildPhase section */
		7905C0D71EBBB79F002F2674 /* CopyFiles */ = {
			isa = PBXCopyFilesBuildPhase;
			buildActionMask = 2147483647;
			dstPath = /usr/share/man/man1/;
			dstSubfolderSpec = 0;
			files = (
			);
			runOnlyForDeploymentPostprocessing = 1;
		};
/* End PBXCopyFilesBuildPhase section */

/* Begin PBXFileReference section */
		7905C0D91EBBB79F002F2674 /* snippets */ = {isa = PBXFileReference; explicitFileType = "compiled.mach-o.executable"; includeInIndex = 0; path = snippets; sourceTree = BUILT_PRODUCTS_DIR; };
		7905C0DC1EBBB79F002F2674 /* main.swift */ = {isa = PBXFileReference; lastKnownFileType = sourcecode.swift; path = main.swift; sourceTree = "<group>"; };
		7905C0E31EBBB817002F2674 /* callback.swift */ = {isa = PBXFileReference; fileEncoding = 4; lastKnownFileType = sourcecode.swift; path = callback.swift; sourceTree = "<group>"; };
		7905C0E51EBBBAF4002F2674 /* menu.swift */ = {isa = PBXFileReference; fileEncoding = 4; lastKnownFileType = sourcecode.swift; path = menu.swift; sourceTree = "<group>"; };
/* End PBXFileReference section */

/* Begin PBXFrameworksBuildPhase section */
		7905C0D61EBBB79F002F2674 /* Frameworks */ = {
			isa = PBXFrameworksBuildPhase;
			buildActionMask = 2147483647;
			files = (
			);
			runOnlyForDeploymentPostprocessing = 0;
		};
/* End PBXFrameworksBuildPhase section */

/* Begin PBXGroup section */
		7905C0D01EBBB79F002F2674 = {
			isa = PBXGroup;
			children = (
				7905C0DB1EBBB79F002F2674 /* snippets */,
				7905C0DA1EBBB79F002F2674 /* Products */,
			);
			sourceTree = "<group>";
		};
		7905C0DA1EBBB79F002F2674 /* Products */ = {
			isa = PBXGroup;
			children = (
				7905C0D91EBBB79F002F2674 /* snippets */,
			);
			name = Products;
			sourceTree = "<group>";
		};
		7905C0DB1EBBB79F002F2674 /* snippets */ = {
			isa = PBXGroup;
			children = (
				7905C0DC1EBBB79F002F2674 /* main.swift */,
				7905C0E31EBBB817002F2674 /* callback.swift */,
				7905C0E51EBBBAF4002F2674 /* menu.swift */,
			);
			path = snippets;
			sourceTree = "<group>";
		};
/* End PBXGroup section */

/* Begin PBXNativeTarget section */
		7905C0D81EBBB79F002F2674 /* snippets */ = {
			isa = PBXNativeTarget;
			buildConfigurationList = 7905C0E01EBBB79F002F2674 /* Build configuration list for PBXNativeTarget "snippets" */;
			buildPhases = (
				7905C0D51EBBB79F002F2674 /* Sources */,
				7905C0D61EBBB79F002F2674 /* Frameworks */,
				7905C0D71EBBB79F002F2674 /* CopyFiles */,
			);
			buildRules = (
			);
			dependencies = (
			);
			name = snippets;
			productName = snippets;
			productReference = 7905C0D91EBBB79F002F2674 /* snippets */;
			productType = "com.apple.product-type.tool";
		};
/* End PBXNativeTarget section */

/* Begin PBXProject section */
		7905C0D11EBBB79F002F2674 /* Project object */ = {
			isa = PBXProject;
			attributes = {
				LastSwiftUpdateCheck = 0830;
				LastUpgradeCheck = 0830;
				TargetAttributes = {
					7905C0D81EBBB79F002F2674 = {
						CreatedOnToolsVersion = 8.3;
						ProvisioningStyle = Automatic;
					};
				};
			};
			buildConfigurationList = 7905C0D41EBBB79F002F2674 /* Build configuration list for PBXProject "snippets" */;
			compatibilityVersion = "Xcode 3.2";
			developmentRegion = English;
			hasScannedForEncodings = 0;
			knownRegions = (
				en,
			);
			mainGroup = 7905C0D01EBBB79F002F2674;
			productRefGroup = 7905C0DA1EBBB79F002F2674 /* Products */;
			projectDirPath = "";
			projectRoot = "";
			targets = (
				7905C0D81EBBB79F002F2674 /* snippets */,
			);
		};
/* End PBXProject section */

/* Begin PBXSourcesBuildPhase section */
		7905C0D51EBBB79F002F2674 /* Sources */ = {
			isa = PBXSourcesBuildPhase;
			buildActionMask = 2147483647;
			files = (
				7905C0E41EBBB817002F2674 /* callback.swift in Sources */,
				7905C0DD1EBBB79F002F2674 /* main.swift in Sources */,
				7905C0E61EBBBAF4002F2674 /* menu.swift in Sources */,
			);
			runOnlyForDeploymentPostprocessing = 0;
		};
/* End PBXSourcesBuildPhase section */

/* Begin XCBuildConfiguration section */
		7905C0DE1EBBB79F002F2674 /* Debug */ = {
			isa = XCBuildConfiguration;
			buildSettings = {
				ALWAYS_SEARCH_USER_PATHS = NO;
				CLANG_ANALYZER_NONNULL = YES;
				CLANG_ANALYZER_NUMBER_OBJECT_CONVERSION = YES_AGGRESSIVE;
				CLANG_CXX_LANGUAGE_STANDARD = "gnu++0x";
				CLANG_CXX_LIBRARY = "libc++";
				CLANG_ENABLE_MODULES = YES;
				CLANG_ENABLE_OBJC_ARC = YES;
				CLANG_WARN_BOOL_CONVERSION = YES;
				CLANG_WARN_CONSTANT_CONVERSION = YES;
				CLANG_WARN_DIRECT_OBJC_ISA_USAGE = YES_ERROR;
				CLANG_WARN_DOCUMENTATION_COMMENTS = YES;
				CLANG_WARN_EMPTY_BODY = YES;
				CLANG_WARN_ENUM_CONVERSION = YES;
				CLANG_WARN_INFINITE_RECURSION = YES;
				CLANG_WARN_INT_CONVERSION = YES;
				CLANG_WARN_OBJC_ROOT_CLASS = YES_ERROR;
				CLANG_WARN_SUSPICIOUS_MOVE = YES;
				CLANG_WARN_UNREACHABLE_CODE = YES;
				CLANG_WARN__DUPLICATE_METHOD_MATCH = YES;
				CODE_SIGN_IDENTITY = "-";
				COPY_PHASE_STRIP = NO;
				DEBUG_INFORMATION_FORMAT = dwarf;
				ENABLE_STRICT_OBJC_MSGSEND = YES;
				ENABLE_TESTABILITY = YES;
				GCC_C_LANGUAGE_STANDARD = gnu99;
				GCC_DYNAMIC_NO_PIC = NO;
				GCC_NO_COMMON_BLOCKS = YES;
				GCC_OPTIMIZATION_LEVEL = 0;
				GCC_PREPROCESSOR_DEFINITIONS = (
					"DEBUG=1",
					"$(inherited)",
				);
				GCC_WARN_64_TO_32_BIT_CONVERSION = YES;
				GCC_WARN_ABOUT_RETURN_TYPE = YES_ERROR;
				GCC_WARN_UNDECLARED_SELECTOR = YES;
				GCC_WARN_UNINITIALIZED_AUTOS = YES_AGGRESSIVE;
				GCC_WARN_UNUSED_FUNCTION = YES;
				GCC_WARN_UNUSED_VARIABLE = YES;
				MACOSX_DEPLOYMENT_TARGET = 10.12;
				MTL_ENABLE_DEBUG_INFO = YES;
				ONLY_ACTIVE_ARCH = YES;
				SDKROOT = macosx;
				SWIFT_OPTIMIZATION_LEVEL = "-Onone";
			};
			name = Debug;
		};
		7905C0DF1EBBB79F002F2674 /* Release */ = {
			isa = XCBuildConfiguration;
			buildSettings = {
				ALWAYS_SEARCH_USER_PATHS = NO;
				CLANG_ANALYZER_NONNULL = YES;
				CLANG_ANALYZER_NUMBER_OBJECT_CONVERSION = YES_AGGRESSIVE;
				CLANG_CXX_LANGUAGE_STANDARD = "gnu++0x";
				CLANG_CXX_LIBRARY = "libc++";
				CLANG_ENABLE_MODULES = YES;
				CLANG_ENABLE_OBJC_ARC = YES;
				CLANG_WARN_BOOL_CONVERSION = YES;
				CLANG_WARN_CONSTANT_CONVERSION = YES;
				CLANG_WARN_DIRECT_OBJC_ISA_USAGE = YES_ERROR;
				CLANG_WARN_DOCUMENTATION_COMMENTS = YES;
				CLANG_WARN_EMPTY_BODY = YES;
				CLANG_WARN_ENUM_CONVERSION = YES;
				CLANG_WARN_INFINITE_RECURSION = YES;
				CLANG_WARN_INT_CONVERSION = YES;
				CLANG_WARN_OBJC_ROOT_CLASS = YES_ERROR;
				CLANG_WARN_SUSPICIOUS_MOVE = YES;
				CLANG_WARN_UNREACHABLE_CODE = YES;
				CLANG_WARN__DUPLICATE_METHOD_MATCH = YES;
				CODE_SIGN_IDENTITY = "-";
				COPY_PHASE_STRIP = NO;
				DEBUG_INFORMATION_FORMAT = "dwarf-with-dsym";
				ENABLE_NS_ASSERTIONS = NO;
				ENABLE_STRICT_OBJC_MSGSEND = YES;
				GCC_C_LANGUAGE_STANDARD = gnu99;
				GCC_NO_COMMON_BLOCKS = YES;
				GCC_WARN_64_TO_32_BIT_CONVERSION = YES;
				GCC_WARN_ABOUT_RETURN_TYPE = YES_ERROR;
				GCC_WARN_UNDECLARED_SELECTOR = YES;
				GCC_WARN_UNINITIALIZED_AUTOS = YES_AGGRESSIVE;
				GCC_WARN_UNUSED_FUNCTION = YES;
				GCC_WARN_UNUSED_VARIABLE = YES;
				MACOSX_DEPLOYMENT_TARGET = 10.12;
				MTL_ENABLE_DEBUG_INFO = NO;
				SDKROOT = macosx;
			};
			name = Release;
		};
		7905C0E11EBBB79F002F2674 /* Debug */ = {
			isa = XCBuildConfiguration;
			buildSettings = {
				PRODUCT_NAME = "$(TARGET_NAME)";
				SWIFT_VERSION = 3.0;
			};
			name = Debug;
		};
		7905C0E21EBBB79F002F2674 /* Release */ = {
			isa = XCBuildConfiguration;
			buildSettings = {
				PRODUCT_NAME = "$(TARGET_NAME)";
				SWIFT_VERSION = 3.0;
			};
			name = Release;
		};
/* End XCBuildConfiguration section */

/* Begin XCConfigurationList section */
		7905C0D41EBBB79F002F2674 /* Build configuration list for PBXProject "snippets" */ = {
			isa = XCConfigurationList;
			buildConfigurations = (
				7905C0DE1EBBB79F002F2674 /* Debug */,
				7905C0DF1EBBB79F002F2674 /* Release */,
			);
			defaultConfigurationIsVisible = 0;
			defaultConfigurationName = Release;
		};
		7905C0E01EBBB79F002F2674 /* Build configuration list for PBXNativeTarget "snippets" */ = {
			isa = XCConfigurationList;
			buildConfigurations = (
				7905C0E11EBBB79F002F2674 /* Debug */,
				7905C0E21EBBB79F002F2674 /* Release */,
			);
			defaultConfigurationIsVisible = 0;
			defaultConfigurationName = Release;
		};
/* End XCConfigurationList section */
	};
	rootObject = 7905C0D11EBBB79F002F2674 /* Project object */;
}
